dependencies:
  idf:
    source:
      type: idf
    version: 5.5.1
  joltwallet/littlefs:
    component_hash: dcea25bcef2de023f089f5f01e8d8c46ad1b8ffef75861ad5ffb4098555839df
    dependencies:
    - name: idf
      require: private
      version: '>=5.0'
    source:
      registry_url: https://components.espressif.com/
      type: service
    version: 1.20.4
  t4v4res/st7735_driver:
    component_hash: b1d85ef8ba4ea08761d9568dfbac2bd83741155a00658b4a10cf1d85ae4f096e
    dependencies: []
    source:
      registry_url: https://components.espressif.com/
      type: service
    targets:
    - esp32c6
    version: 0.1.2
direct_dependencies:
- idf
- joltwallet/littlefs
- t4v4res/st7735_driver
manifest_hash: a17819d1e640907b85b3f0bb3eb50a7fb55e008da21e253a6c9f997df545ea99
target: esp32c6
version: 2.0.0
