dependencies:
  idf:
    source:
      type: idf
    version: 5.5.1
  joltwallet/littlefs:
    component_hash: dcea25bcef2de023f089f5f01e8d8c46ad1b8ffef75861ad5ffb4098555839df
    dependencies:
    - name: idf
      require: private
      version: '>=5.0'
    source:
      registry_url: https://components.espressif.com/
      type: service
    version: 1.20.4
direct_dependencies:
- idf
- joltwallet/littlefs
manifest_hash: 52bafb119f6c7ecc551cf55de7b82ac5d564cd4687ee68c9de68172d49d753e3
target: esp32c3
version: 2.0.0
