dependencies:
  idf:
    source:
      type: idf
    version: 5.5.1
  joltwallet/littlefs:
    component_hash: dcea25bcef2de023f089f5f01e8d8c46ad1b8ffef75861ad5ffb4098555839df
    dependencies:
    - name: idf
      require: private
      version: '>=5.0'
    source:
      registry_url: https://components.espressif.com/
      type: service
    version: 1.20.4
direct_dependencies:
- idf
- joltwallet/littlefs
manifest_hash: 13cac09dcc5f0164a10f04f336731e914a2c875d7c06d8f01ea77ca80c5a4ae4
target: esp32c6
version: 2.0.0
